
Microsoft Visual Studio Solution File, Format Version 12.00
# Visual Studio Version 16
VisualStudioVersion = 16.0.29102.190
MinimumVisualStudioVersion = 10.0.40219.1
Project("{FAE04EC0-301F-11D3-BF4B-00C04F79EFBC}") = "MvcMovie", "MvcMovie\MvcMovie.csproj", "{2269D2BD-7805-4B10-95E0-FD94D57505EE}"
EndProject
Global
	GlobalSection(SolutionConfigurationPlatforms) = preSolution
		Debug|Any CPU = Debug|Any CPU
		Release|Any CPU = Release|Any CPU
	EndGlobalSection
	GlobalSection(ProjectConfigurationPlatforms) = postSolution
		{2269D2BD-7805-4B10-95E0-FD94D57505EE}.Debug|Any CPU.ActiveCfg = Debug|Any CPU
		{2269D2BD-7805-4B10-95E0-FD94D57505EE}.Debug|Any CPU.Build.0 = Debug|Any CPU
		{2269D2BD-7805-4B10-95E0-FD94D57505EE}.Release|Any CPU.ActiveCfg = Release|Any CPU
		{2269D2BD-7805-4B10-95E0-FD94D57505EE}.Release|Any CPU.Build.0 = Release|Any CPU
	EndGlobalSection
	GlobalSection(SolutionProperties) = preSolution
		HideSolutionNode = FALSE
	EndGlobalSection
	GlobalSection(ExtensibilityGlobals) = postSolution
		SolutionGuid = {581C435C-6A06-476E-9384-77298DA48F5C}
	EndGlobalSection
EndGlobal
